
Microsoft Visual Studio Solution File, Format Version 12.00
# Visual Studio Version 17
VisualStudioVersion = 17.4.33103.184
MinimumVisualStudioVersion = 10.0.40219.1
Project("{FAE04EC0-301F-11D3-BF4B-00C04F79EFBC}") = "nmf-view", "nmf-view.csproj", "{11590E28-988A-4CE3-9AFA-E197490F6829}"
EndProject
Project("{FAE04EC0-301F-11D3-BF4B-00C04F79EFBC}") = "UnitTests", "..\UnitTests\UnitTests.csproj", "{76FCF575-FEBA-4F69-B74F-7B57469D4B75}"
EndProject
Global
	GlobalSection(SolutionConfigurationPlatforms) = preSolution
		Debug|Any CPU = Debug|Any CPU
		Release|Any CPU = Release|Any CPU
	EndGlobalSection
	GlobalSection(ProjectConfigurationPlatforms) = postSolution
		{11590E28-988A-4CE3-9AFA-E197490F6829}.Debug|Any CPU.ActiveCfg = Debug|Any CPU
		{11590E28-988A-4CE3-9AFA-E197490F6829}.Debug|Any CPU.Build.0 = Debug|Any CPU
		{11590E28-988A-4CE3-9AFA-E197490F6829}.Release|Any CPU.ActiveCfg = Release|Any CPU
		{11590E28-988A-4CE3-9AFA-E197490F6829}.Release|Any CPU.Build.0 = Release|Any CPU
		{76FCF575-FEBA-4F69-B74F-7B57469D4B75}.Debug|Any CPU.ActiveCfg = Debug|Any CPU
		{76FCF575-FEBA-4F69-B74F-7B57469D4B75}.Debug|Any CPU.Build.0 = Debug|Any CPU
		{76FCF575-FEBA-4F69-B74F-7B57469D4B75}.Release|Any CPU.ActiveCfg = Release|Any CPU
		{76FCF575-FEBA-4F69-B74F-7B57469D4B75}.Release|Any CPU.Build.0 = Release|Any CPU
	EndGlobalSection
	GlobalSection(SolutionProperties) = preSolution
		HideSolutionNode = FALSE
	EndGlobalSection
	GlobalSection(ExtensibilityGlobals) = postSolution
		SolutionGuid = {5680A42D-3F1E-4EA8-89AA-271D6E0AF735}
	EndGlobalSection
EndGlobal
